
Microsoft Visual Studio Solution File, Format Version 12.00
# Visual Studio Version 17
VisualStudioVersion = 17.5.002.0
MinimumVisualStudioVersion = 10.0.40219.1
Project("{9A19103F-16F7-4668-BE54-9A1E7A4F7556}") = "Final", "Final\Final.csproj", "{2344D072-359E-4288-ACBD-9C6EADDFBE82}"
EndProject
Project("{9A19103F-16F7-4668-BE54-9A1E7A4F7556}") = "Starter", "Starter\Starter.csproj", "{BFF47D7F-CE6D-42AE-9B8A-6D16A9D8F506}"
EndProject
Global
	GlobalSection(SolutionConfigurationPlatforms) = preSolution
		Debug|Any CPU = Debug|Any CPU
		Release|Any CPU = Release|Any CPU
	EndGlobalSection
	GlobalSection(ProjectConfigurationPlatforms) = postSolution
		{2344D072-359E-4288-ACBD-9C6EADDFBE82}.Debug|Any CPU.ActiveCfg = Debug|Any CPU
		{2344D072-359E-4288-ACBD-9C6EADDFBE82}.Debug|Any CPU.Build.0 = Debug|Any CPU
		{2344D072-359E-4288-ACBD-9C6EADDFBE82}.Release|Any CPU.ActiveCfg = Release|Any CPU
		{2344D072-359E-4288-ACBD-9C6EADDFBE82}.Release|Any CPU.Build.0 = Release|Any CPU
		{BFF47D7F-CE6D-42AE-9B8A-6D16A9D8F506}.Debug|Any CPU.ActiveCfg = Debug|Any CPU
		{BFF47D7F-CE6D-42AE-9B8A-6D16A9D8F506}.Debug|Any CPU.Build.0 = Debug|Any CPU
		{BFF47D7F-CE6D-42AE-9B8A-6D16A9D8F506}.Release|Any CPU.ActiveCfg = Release|Any CPU
		{BFF47D7F-CE6D-42AE-9B8A-6D16A9D8F506}.Release|Any CPU.Build.0 = Release|Any CPU
	EndGlobalSection
	GlobalSection(SolutionProperties) = preSolution
		HideSolutionNode = FALSE
	EndGlobalSection
	GlobalSection(ExtensibilityGlobals) = postSolution
		SolutionGuid = {199A636E-8796-4596-B312-C2A8F6694CE4}
	EndGlobalSection
EndGlobal
